
Microsoft Visual Studio Solution File, Format Version 12.00
# Visual Studio 15
VisualStudioVersion = 15.0.28307.572
MinimumVisualStudioVersion = 10.0.40219.1
Project("{FAE04EC0-301F-11D3-BF4B-00C04F79EFBC}") = "CasinoDataModelLibrary", "CasinoLibrary\CasinoDataModelLibrary.csproj", "{E5523244-4866-418D-AC33-23990B5ECDA0}"
EndProject
Project("{FAE04EC0-301F-11D3-BF4B-00C04F79EFBC}") = "CasinoData", "CasinoData\CasinoData.csproj", "{EF6F5725-BB2F-4DB1-963A-4630C80536CF}"
EndProject
Project("{FAE04EC0-301F-11D3-BF4B-00C04F79EFBC}") = "UnitTestCasino", "UnitTestCasino\UnitTestCasino.csproj", "{0685AD71-BEA8-4620-B733-248EF3762E67}"
EndProject
Project("{FAE04EC0-301F-11D3-BF4B-00C04F79EFBC}") = "Application", "Application\Application.csproj", "{651F4CF2-AEA9-4764-B2D6-6A8E760E7CD3}"
EndProject
Global
	GlobalSection(SolutionConfigurationPlatforms) = preSolution
		Debug|Any CPU = Debug|Any CPU
		Release|Any CPU = Release|Any CPU
	EndGlobalSection
	GlobalSection(ProjectConfigurationPlatforms) = postSolution
		{E5523244-4866-418D-AC33-23990B5ECDA0}.Debug|Any CPU.ActiveCfg = Debug|Any CPU
		{E5523244-4866-418D-AC33-23990B5ECDA0}.Debug|Any CPU.Build.0 = Debug|Any CPU
		{E5523244-4866-418D-AC33-23990B5ECDA0}.Release|Any CPU.ActiveCfg = Release|Any CPU
		{E5523244-4866-418D-AC33-23990B5ECDA0}.Release|Any CPU.Build.0 = Release|Any CPU
		{EF6F5725-BB2F-4DB1-963A-4630C80536CF}.Debug|Any CPU.ActiveCfg = Debug|Any CPU
		{EF6F5725-BB2F-4DB1-963A-4630C80536CF}.Debug|Any CPU.Build.0 = Debug|Any CPU
		{EF6F5725-BB2F-4DB1-963A-4630C80536CF}.Release|Any CPU.ActiveCfg = Release|Any CPU
		{EF6F5725-BB2F-4DB1-963A-4630C80536CF}.Release|Any CPU.Build.0 = Release|Any CPU
		{0685AD71-BEA8-4620-B733-248EF3762E67}.Debug|Any CPU.ActiveCfg = Debug|Any CPU
		{0685AD71-BEA8-4620-B733-248EF3762E67}.Debug|Any CPU.Build.0 = Debug|Any CPU
		{0685AD71-BEA8-4620-B733-248EF3762E67}.Release|Any CPU.ActiveCfg = Release|Any CPU
		{0685AD71-BEA8-4620-B733-248EF3762E67}.Release|Any CPU.Build.0 = Release|Any CPU
		{651F4CF2-AEA9-4764-B2D6-6A8E760E7CD3}.Debug|Any CPU.ActiveCfg = Debug|Any CPU
		{651F4CF2-AEA9-4764-B2D6-6A8E760E7CD3}.Debug|Any CPU.Build.0 = Debug|Any CPU
		{651F4CF2-AEA9-4764-B2D6-6A8E760E7CD3}.Release|Any CPU.ActiveCfg = Release|Any CPU
		{651F4CF2-AEA9-4764-B2D6-6A8E760E7CD3}.Release|Any CPU.Build.0 = Release|Any CPU
	EndGlobalSection
	GlobalSection(SolutionProperties) = preSolution
		HideSolutionNode = FALSE
	EndGlobalSection
	GlobalSection(ExtensibilityGlobals) = postSolution
		SolutionGuid = {58D13321-DDDF-441B-9F7A-1081A964C6F6}
	EndGlobalSection
EndGlobal
